// !$*UTF8*$!
{
	archiveVersion = 1;
	classes = {
	};
	objectVersion = 56;
	objects = {

/* Begin PBXBuildFile section */
		FA0A3B602BF8A86200374CD2 /* User.swift in Sources */ = {isa = PBXBuildFile; fileRef = FA0A3B5F2BF8A86200374CD2 /* User.swift */; };
		FA298A082C4B821800339C7D /* ViewContactTVC.swift in Sources */ = {isa = PBXBuildFile; fileRef = FA298A072C4B821800339C7D /* ViewContactTVC.swift */; };
		FA298A0B2C4B971800339C7D /* EditContactTVC.swift in Sources */ = {isa = PBXBuildFile; fileRef = FA298A0A2C4B971800339C7D /* EditContactTVC.swift */; };
		FA35EEA02BEA14460031B74F /* FirebaseAuth in Frameworks */ = {isa = PBXBuildFile; productRef = FA35EE9F2BEA14460031B74F /* FirebaseAuth */; };
		FA35EEA22BEC8C910031B74F /* GoogleService-Info.plist in Resources */ = {isa = PBXBuildFile; fileRef = FA35EEA12BEC8C910031B74F /* GoogleService-Info.plist */; };
		FA35EEA52BEF344F0031B74F /* Contact.swift in Sources */ = {isa = PBXBuildFile; fileRef = FA35EEA42BEF344F0031B74F /* Contact.swift */; };
		FA35EEA92BEF428B0031B74F /* ShowContactsTableVC.swift in Sources */ = {isa = PBXBuildFile; fileRef = FA35EEA82BEF428B0031B74F /* ShowContactsTableVC.swift */; };
		FA35EEAB2BEF49E10031B74F /* ContactRespository.swift in Sources */ = {isa = PBXBuildFile; fileRef = FA35EEAA2BEF49E10031B74F /* ContactRespository.swift */; };
		FA35EEAF2BEF4B630031B74F /* FirebaseFirestore in Frameworks */ = {isa = PBXBuildFile; productRef = FA35EEAE2BEF4B630031B74F /* FirebaseFirestore */; };
		FA35EEB12BEF51630031B74F /* FirebaseFirestoreSwift in Frameworks */ = {isa = PBXBuildFile; productRef = FA35EEB02BEF51630031B74F /* FirebaseFirestoreSwift */; };
		FABABB8F2BE1101600F693EA /* AppDelegate.swift in Sources */ = {isa = PBXBuildFile; fileRef = FABABB8E2BE1101600F693EA /* AppDelegate.swift */; };
		FABABB912BE1101600F693EA /* SceneDelegate.swift in Sources */ = {isa = PBXBuildFile; fileRef = FABABB902BE1101600F693EA /* SceneDelegate.swift */; };
		FABABB962BE1101600F693EA /* Base in Resources */ = {isa = PBXBuildFile; fileRef = FABABB952BE1101600F693EA /* Base */; };
		FABABB982BE1101700F693EA /* Assets.xcassets in Resources */ = {isa = PBXBuildFile; fileRef = FABABB972BE1101700F693EA /* Assets.xcassets */; };
		FABABB9B2BE1101700F693EA /* Base in Resources */ = {isa = PBXBuildFile; fileRef = FABABB9A2BE1101700F693EA /* Base */; };
		FABF9FB52BE45577001920DA /* LogInVC.swift in Sources */ = {isa = PBXBuildFile; fileRef = FABF9FB42BE45577001920DA /* LogInVC.swift */; };
		FABF9FB72BE45587001920DA /* SignUpVC.swift in Sources */ = {isa = PBXBuildFile; fileRef = FABF9FB62BE45587001920DA /* SignUpVC.swift */; };
		FABF9FBB2BE51109001920DA /* Extensions.swift in Sources */ = {isa = PBXBuildFile; fileRef = FABF9FBA2BE51109001920DA /* Extensions.swift */; };
		FAE7FA172BFC35FA0013E8E3 /* ContactTVCell.swift in Sources */ = {isa = PBXBuildFile; fileRef = FAE7FA162BFC35FA0013E8E3 /* ContactTVCell.swift */; };
		FAFC235D2C4F952C00A89A67 /* AddContactTVC.swift in Sources */ = {isa = PBXBuildFile; fileRef = FAFC235C2C4F952C00A89A67 /* AddContactTVC.swift */; };
/* End PBXBuildFile section */

/* Begin PBXFileReference section */
		FA0A3B5F2BF8A86200374CD2 /* User.swift */ = {isa = PBXFileReference; lastKnownFileType = sourcecode.swift; path = User.swift; sourceTree = "<group>"; };
		FA298A072C4B821800339C7D /* ViewContactTVC.swift */ = {isa = PBXFileReference; lastKnownFileType = sourcecode.swift; path = ViewContactTVC.swift; sourceTree = "<group>"; };
		FA298A0A2C4B971800339C7D /* EditContactTVC.swift */ = {isa = PBXFileReference; lastKnownFileType = sourcecode.swift; path = EditContactTVC.swift; sourceTree = "<group>"; };
		FA35EEA12BEC8C910031B74F /* GoogleService-Info.plist */ = {isa = PBXFileReference; fileEncoding = 4; lastKnownFileType = text.plist.xml; path = "GoogleService-Info.plist"; sourceTree = "<group>"; };
		FA35EEA42BEF344F0031B74F /* Contact.swift */ = {isa = PBXFileReference; lastKnownFileType = sourcecode.swift; path = Contact.swift; sourceTree = "<group>"; };
		FA35EEA82BEF428B0031B74F /* ShowContactsTableVC.swift */ = {isa = PBXFileReference; lastKnownFileType = sourcecode.swift; path = ShowContactsTableVC.swift; sourceTree = "<group>"; };
		FA35EEAA2BEF49E10031B74F /* ContactRespository.swift */ = {isa = PBXFileReference; lastKnownFileType = sourcecode.swift; path = ContactRespository.swift; sourceTree = "<group>"; };
		FABABB8B2BE1101600F693EA /* ContactsManager.app */ = {isa = PBXFileReference; explicitFileType = wrapper.application; includeInIndex = 0; path = ContactsManager.app; sourceTree = BUILT_PRODUCTS_DIR; };
		FABABB8E2BE1101600F693EA /* AppDelegate.swift */ = {isa = PBXFileReference; lastKnownFileType = sourcecode.swift; path = AppDelegate.swift; sourceTree = "<group>"; };
		FABABB902BE1101600F693EA /* SceneDelegate.swift */ = {isa = PBXFileReference; lastKnownFileType = sourcecode.swift; path = SceneDelegate.swift; sourceTree = "<group>"; };
		FABABB952BE1101600F693EA /* Base */ = {isa = PBXFileReference; lastKnownFileType = file.storyboard; name = Base; path = Base.lproj/Main.storyboard; sourceTree = "<group>"; };
		FABABB972BE1101700F693EA /* Assets.xcassets */ = {isa = PBXFileReference; lastKnownFileType = folder.assetcatalog; path = Assets.xcassets; sourceTree = "<group>"; };
		FABABB9A2BE1101700F693EA /* Base */ = {isa = PBXFileReference; lastKnownFileType = file.storyboard; name = Base; path = Base.lproj/LaunchScreen.storyboard; sourceTree = "<group>"; };
		FABABB9C2BE1101700F693EA /* Info.plist */ = {isa = PBXFileReference; lastKnownFileType = text.plist.xml; path = Info.plist; sourceTree = "<group>"; };
		FABF9FB42BE45577001920DA /* LogInVC.swift */ = {isa = PBXFileReference; lastKnownFileType = sourcecode.swift; path = LogInVC.swift; sourceTree = "<group>"; };
		FABF9FB62BE45587001920DA /* SignUpVC.swift */ = {isa = PBXFileReference; lastKnownFileType = sourcecode.swift; path = SignUpVC.swift; sourceTree = "<group>"; };
		FABF9FBA2BE51109001920DA /* Extensions.swift */ = {isa = PBXFileReference; lastKnownFileType = sourcecode.swift; path = Extensions.swift; sourceTree = "<group>"; };
		FAE7FA162BFC35FA0013E8E3 /* ContactTVCell.swift */ = {isa = PBXFileReference; lastKnownFileType = sourcecode.swift; path = ContactTVCell.swift; sourceTree = "<group>"; };
		FAFC235C2C4F952C00A89A67 /* AddContactTVC.swift */ = {isa = PBXFileReference; lastKnownFileType = sourcecode.swift; path = AddContactTVC.swift; sourceTree = "<group>"; };
/* End PBXFileReference section */

/* Begin PBXFrameworksBuildPhase section */
		FABABB882BE1101600F693EA /* Frameworks */ = {
			isa = PBXFrameworksBuildPhase;
			buildActionMask = 2147483647;
			files = (
				FA35EEA02BEA14460031B74F /* FirebaseAuth in Frameworks */,
				FA35EEAF2BEF4B630031B74F /* FirebaseFirestore in Frameworks */,
				FA35EEB12BEF51630031B74F /* FirebaseFirestoreSwift in Frameworks */,
			);
			runOnlyForDeploymentPostprocessing = 0;
		};
/* End PBXFrameworksBuildPhase section */

/* Begin PBXGroup section */
		FA298A062C4B81F900339C7D /* View */ = {
			isa = PBXGroup;
			children = (
				FA298A072C4B821800339C7D /* ViewContactTVC.swift */,
			);
			path = View;
			sourceTree = "<group>";
		};
		FA298A092C4B96F800339C7D /* Edit */ = {
			isa = PBXGroup;
			children = (
				FA298A0A2C4B971800339C7D /* EditContactTVC.swift */,
			);
			path = Edit;
			sourceTree = "<group>";
		};
		FA298A0C2C4DFD4600339C7D /* Contact */ = {
			isa = PBXGroup;
			children = (
				FA298A0D2C4DFD9500339C7D /* Add */,
				FA35EEA32BEF341E0031B74F /* Show */,
				FA298A062C4B81F900339C7D /* View */,
				FA298A092C4B96F800339C7D /* Edit */,
			);
			path = Contact;
			sourceTree = "<group>";
		};
		FA298A0D2C4DFD9500339C7D /* Add */ = {
			isa = PBXGroup;
			children = (
				FAFC235C2C4F952C00A89A67 /* AddContactTVC.swift */,
			);
			path = Add;
			sourceTree = "<group>";
		};
		FA35EE9E2BEA14460031B74F /* Frameworks */ = {
			isa = PBXGroup;
			children = (
			);
			name = Frameworks;
			sourceTree = "<group>";
		};
		FA35EEA32BEF341E0031B74F /* Show */ = {
			isa = PBXGroup;
			children = (
				FA35EEA42BEF344F0031B74F /* Contact.swift */,
				FA35EEA82BEF428B0031B74F /* ShowContactsTableVC.swift */,
				FAE7FA162BFC35FA0013E8E3 /* ContactTVCell.swift */,
			);
			path = Show;
			sourceTree = "<group>";
		};
		FABABB822BE1101600F693EA = {
			isa = PBXGroup;
			children = (
				FABABB8D2BE1101600F693EA /* ContactsManager */,
				FABABB8C2BE1101600F693EA /* Products */,
				FA35EE9E2BEA14460031B74F /* Frameworks */,
			);
			sourceTree = "<group>";
		};
		FABABB8C2BE1101600F693EA /* Products */ = {
			isa = PBXGroup;
			children = (
				FABABB8B2BE1101600F693EA /* ContactsManager.app */,
			);
			name = Products;
			sourceTree = "<group>";
		};
		FABABB8D2BE1101600F693EA /* ContactsManager */ = {
			isa = PBXGroup;
			children = (
				FA298A0C2C4DFD4600339C7D /* Contact */,
				FA35EEA12BEC8C910031B74F /* GoogleService-Info.plist */,
				FABABB8E2BE1101600F693EA /* AppDelegate.swift */,
				FABABB902BE1101600F693EA /* SceneDelegate.swift */,
				FABABB942BE1101600F693EA /* Main.storyboard */,
				FABF9FBA2BE51109001920DA /* Extensions.swift */,
				FA35EEAA2BEF49E10031B74F /* ContactRespository.swift */,
				FABABBA22BE1111B00F693EA /* Login */,
				FABABB972BE1101700F693EA /* Assets.xcassets */,
				FABABB992BE1101700F693EA /* LaunchScreen.storyboard */,
				FABABB9C2BE1101700F693EA /* Info.plist */,
			);
			path = ContactsManager;
			sourceTree = "<group>";
		};
		FABABBA22BE1111B00F693EA /* Login */ = {
			isa = PBXGroup;
			children = (
				FABF9FB42BE45577001920DA /* LogInVC.swift */,
				FABF9FB62BE45587001920DA /* SignUpVC.swift */,
				FA0A3B5F2BF8A86200374CD2 /* User.swift */,
			);
			path = Login;
			sourceTree = "<group>";
		};
/* End PBXGroup section */

/* Begin PBXNativeTarget section */
		FABABB8A2BE1101600F693EA /* ContactsManager */ = {
			isa = PBXNativeTarget;
			buildConfigurationList = FABABB9F2BE1101700F693EA /* Build configuration list for PBXNativeTarget "ContactsManager" */;
			buildPhases = (
				FABABB872BE1101600F693EA /* Sources */,
				FABABB882BE1101600F693EA /* Frameworks */,
				FABABB892BE1101600F693EA /* Resources */,
			);
			buildRules = (
			);
			dependencies = (
			);
			name = ContactsManager;
			packageProductDependencies = (
				FA35EE9F2BEA14460031B74F /* FirebaseAuth */,
				FA35EEAE2BEF4B630031B74F /* FirebaseFirestore */,
				FA35EEB02BEF51630031B74F /* FirebaseFirestoreSwift */,
			);
			productName = ContactsManager;
			productReference = FABABB8B2BE1101600F693EA /* ContactsManager.app */;
			productType = "com.apple.product-type.application";
		};
/* End PBXNativeTarget section */

/* Begin PBXProject section */
		FABABB832BE1101600F693EA /* Project object */ = {
			isa = PBXProject;
			attributes = {
				BuildIndependentTargetsInParallel = 1;
				LastSwiftUpdateCheck = 1530;
				LastUpgradeCheck = 1530;
				TargetAttributes = {
					FABABB8A2BE1101600F693EA = {
						CreatedOnToolsVersion = 15.3;
					};
				};
			};
			buildConfigurationList = FABABB862BE1101600F693EA /* Build configuration list for PBXProject "ContactsManager" */;
			compatibilityVersion = "Xcode 14.0";
			developmentRegion = en;
			hasScannedForEncodings = 0;
			knownRegions = (
				en,
				Base,
			);
			mainGroup = FABABB822BE1101600F693EA;
			packageReferences = (
				FABF9FAF2BE3925C001920DA /* XCRemoteSwiftPackageReference "firebase-ios-sdk" */,
			);
			productRefGroup = FABABB8C2BE1101600F693EA /* Products */;
			projectDirPath = "";
			projectRoot = "";
			targets = (
				FABABB8A2BE1101600F693EA /* ContactsManager */,
			);
		};
/* End PBXProject section */

/* Begin PBXResourcesBuildPhase section */
		FABABB892BE1101600F693EA /* Resources */ = {
			isa = PBXResourcesBuildPhase;
			buildActionMask = 2147483647;
			files = (
				FABABB982BE1101700F693EA /* Assets.xcassets in Resources */,
				FA35EEA22BEC8C910031B74F /* GoogleService-Info.plist in Resources */,
				FABABB9B2BE1101700F693EA /* Base in Resources */,
				FABABB962BE1101600F693EA /* Base in Resources */,
			);
			runOnlyForDeploymentPostprocessing = 0;
		};
/* End PBXResourcesBuildPhase section */

/* Begin PBXSourcesBuildPhase section */
		FABABB872BE1101600F693EA /* Sources */ = {
			isa = PBXSourcesBuildPhase;
			buildActionMask = 2147483647;
			files = (
				FA35EEA52BEF344F0031B74F /* Contact.swift in Sources */,
				FABF9FB72BE45587001920DA /* SignUpVC.swift in Sources */,
				FA35EEAB2BEF49E10031B74F /* ContactRespository.swift in Sources */,
				FABABB8F2BE1101600F693EA /* AppDelegate.swift in Sources */,
				FABF9FBB2BE51109001920DA /* Extensions.swift in Sources */,
				FA298A082C4B821800339C7D /* ViewContactTVC.swift in Sources */,
				FABABB912BE1101600F693EA /* SceneDelegate.swift in Sources */,
				FAE7FA172BFC35FA0013E8E3 /* ContactTVCell.swift in Sources */,
				FA35EEA92BEF428B0031B74F /* ShowContactsTableVC.swift in Sources */,
				FABF9FB52BE45577001920DA /* LogInVC.swift in Sources */,
				FAFC235D2C4F952C00A89A67 /* AddContactTVC.swift in Sources */,
				FA298A0B2C4B971800339C7D /* EditContactTVC.swift in Sources */,
				FA0A3B602BF8A86200374CD2 /* User.swift in Sources */,
			);
			runOnlyForDeploymentPostprocessing = 0;
		};
/* End PBXSourcesBuildPhase section */

/* Begin PBXVariantGroup section */
		FABABB942BE1101600F693EA /* Main.storyboard */ = {
			isa = PBXVariantGroup;
			children = (
				FABABB952BE1101600F693EA /* Base */,
			);
			name = Main.storyboard;
			sourceTree = "<group>";
		};
		FABABB992BE1101700F693EA /* LaunchScreen.storyboard */ = {
			isa = PBXVariantGroup;
			children = (
				FABABB9A2BE1101700F693EA /* Base */,
			);
			name = LaunchScreen.storyboard;
			sourceTree = "<group>";
		};
/* End PBXVariantGroup section */

/* Begin XCBuildConfiguration section */
		FABABB9D2BE1101700F693EA /* Debug */ = {
			isa = XCBuildConfiguration;
			buildSettings = {
				ALWAYS_SEARCH_USER_PATHS = NO;
				ASSETCATALOG_COMPILER_GENERATE_SWIFT_ASSET_SYMBOL_EXTENSIONS = YES;
				CLANG_ANALYZER_NONNULL = YES;
				CLANG_ANALYZER_NUMBER_OBJECT_CONVERSION = YES_AGGRESSIVE;
				CLANG_CXX_LANGUAGE_STANDARD = "gnu++20";
				CLANG_ENABLE_MODULES = YES;
				CLANG_ENABLE_OBJC_ARC = YES;
				CLANG_ENABLE_OBJC_WEAK = YES;
				CLANG_WARN_BLOCK_CAPTURE_AUTORELEASING = YES;
				CLANG_WARN_BOOL_CONVERSION = YES;
				CLANG_WARN_COMMA = YES;
				CLANG_WARN_CONSTANT_CONVERSION = YES;
				CLANG_WARN_DEPRECATED_OBJC_IMPLEMENTATIONS = YES;
				CLANG_WARN_DIRECT_OBJC_ISA_USAGE = YES_ERROR;
				CLANG_WARN_DOCUMENTATION_COMMENTS = YES;
				CLANG_WARN_EMPTY_BODY = YES;
				CLANG_WARN_ENUM_CONVERSION = YES;
				CLANG_WARN_INFINITE_RECURSION = YES;
				CLANG_WARN_INT_CONVERSION = YES;
				CLANG_WARN_NON_LITERAL_NULL_CONVERSION = YES;
				CLANG_WARN_OBJC_IMPLICIT_RETAIN_SELF = YES;
				CLANG_WARN_OBJC_LITERAL_CONVERSION = YES;
				CLANG_WARN_OBJC_ROOT_CLASS = YES_ERROR;
				CLANG_WARN_QUOTED_INCLUDE_IN_FRAMEWORK_HEADER = YES;
				CLANG_WARN_RANGE_LOOP_ANALYSIS = YES;
				CLANG_WARN_STRICT_PROTOTYPES = YES;
				CLANG_WARN_SUSPICIOUS_MOVE = YES;
				CLANG_WARN_UNGUARDED_AVAILABILITY = YES_AGGRESSIVE;
				CLANG_WARN_UNREACHABLE_CODE = YES;
				CLANG_WARN__DUPLICATE_METHOD_MATCH = YES;
				COPY_PHASE_STRIP = NO;
				DEBUG_INFORMATION_FORMAT = dwarf;
				ENABLE_STRICT_OBJC_MSGSEND = YES;
				ENABLE_TESTABILITY = YES;
				ENABLE_USER_SCRIPT_SANDBOXING = YES;
				GCC_C_LANGUAGE_STANDARD = gnu17;
				GCC_DYNAMIC_NO_PIC = NO;
				GCC_NO_COMMON_BLOCKS = YES;
				GCC_OPTIMIZATION_LEVEL = 0;
				GCC_PREPROCESSOR_DEFINITIONS = (
					"DEBUG=1",
					"$(inherited)",
				);
				GCC_WARN_64_TO_32_BIT_CONVERSION = YES;
				GCC_WARN_ABOUT_RETURN_TYPE = YES_ERROR;
				GCC_WARN_UNDECLARED_SELECTOR = YES;
				GCC_WARN_UNINITIALIZED_AUTOS = YES_AGGRESSIVE;
				GCC_WARN_UNUSED_FUNCTION = YES;
				GCC_WARN_UNUSED_VARIABLE = YES;
				IPHONEOS_DEPLOYMENT_TARGET = 17.4;
				LOCALIZATION_PREFERS_STRING_CATALOGS = YES;
				MTL_ENABLE_DEBUG_INFO = INCLUDE_SOURCE;
				MTL_FAST_MATH = YES;
				ONLY_ACTIVE_ARCH = YES;
				SDKROOT = iphoneos;
				SWIFT_ACTIVE_COMPILATION_CONDITIONS = "DEBUG $(inherited)";
				SWIFT_OPTIMIZATION_LEVEL = "-Onone";
			};
			name = Debug;
		};
		FABABB9E2BE1101700F693EA /* Release */ = {
			isa = XCBuildConfiguration;
			buildSettings = {
				ALWAYS_SEARCH_USER_PATHS = NO;
				ASSETCATALOG_COMPILER_GENERATE_SWIFT_ASSET_SYMBOL_EXTENSIONS = YES;
				CLANG_ANALYZER_NONNULL = YES;
				CLANG_ANALYZER_NUMBER_OBJECT_CONVERSION = YES_AGGRESSIVE;
				CLANG_CXX_LANGUAGE_STANDARD = "gnu++20";
				CLANG_ENABLE_MODULES = YES;
				CLANG_ENABLE_OBJC_ARC = YES;
				CLANG_ENABLE_OBJC_WEAK = YES;
				CLANG_WARN_BLOCK_CAPTURE_AUTORELEASING = YES;
				CLANG_WARN_BOOL_CONVERSION = YES;
				CLANG_WARN_COMMA = YES;
				CLANG_WARN_CONSTANT_CONVERSION = YES;
				CLANG_WARN_DEPRECATED_OBJC_IMPLEMENTATIONS = YES;
				CLANG_WARN_DIRECT_OBJC_ISA_USAGE = YES_ERROR;
				CLANG_WARN_DOCUMENTATION_COMMENTS = YES;
				CLANG_WARN_EMPTY_BODY = YES;
				CLANG_WARN_ENUM_CONVERSION = YES;
				CLANG_WARN_INFINITE_RECURSION = YES;
				CLANG_WARN_INT_CONVERSION = YES;
				CLANG_WARN_NON_LITERAL_NULL_CONVERSION = YES;
				CLANG_WARN_OBJC_IMPLICIT_RETAIN_SELF = YES;
				CLANG_WARN_OBJC_LITERAL_CONVERSION = YES;
				CLANG_WARN_OBJC_ROOT_CLASS = YES_ERROR;
				CLANG_WARN_QUOTED_INCLUDE_IN_FRAMEWORK_HEADER = YES;
				CLANG_WARN_RANGE_LOOP_ANALYSIS = YES;
				CLANG_WARN_STRICT_PROTOTYPES = YES;
				CLANG_WARN_SUSPICIOUS_MOVE = YES;
				CLANG_WARN_UNGUARDED_AVAILABILITY = YES_AGGRESSIVE;
				CLANG_WARN_UNREACHABLE_CODE = YES;
				CLANG_WARN__DUPLICATE_METHOD_MATCH = YES;
				COPY_PHASE_STRIP = NO;
				DEBUG_INFORMATION_FORMAT = "dwarf-with-dsym";
				ENABLE_NS_ASSERTIONS = NO;
				ENABLE_STRICT_OBJC_MSGSEND = YES;
				ENABLE_USER_SCRIPT_SANDBOXING = YES;
				GCC_C_LANGUAGE_STANDARD = gnu17;
				GCC_NO_COMMON_BLOCKS = YES;
				GCC_WARN_64_TO_32_BIT_CONVERSION = YES;
				GCC_WARN_ABOUT_RETURN_TYPE = YES_ERROR;
				GCC_WARN_UNDECLARED_SELECTOR = YES;
				GCC_WARN_UNINITIALIZED_AUTOS = YES_AGGRESSIVE;
				GCC_WARN_UNUSED_FUNCTION = YES;
				GCC_WARN_UNUSED_VARIABLE = YES;
				IPHONEOS_DEPLOYMENT_TARGET = 17.4;
				LOCALIZATION_PREFERS_STRING_CATALOGS = YES;
				MTL_ENABLE_DEBUG_INFO = NO;
				MTL_FAST_MATH = YES;
				SDKROOT = iphoneos;
				SWIFT_COMPILATION_MODE = wholemodule;
				VALIDATE_PRODUCT = YES;
			};
			name = Release;
		};
		FABABBA02BE1101700F693EA /* Debug */ = {
			isa = XCBuildConfiguration;
			buildSettings = {
				ASSETCATALOG_COMPILER_APPICON_NAME = AppIcon;
				ASSETCATALOG_COMPILER_GLOBAL_ACCENT_COLOR_NAME = AccentColor;
				CODE_SIGN_STYLE = Automatic;
				CURRENT_PROJECT_VERSION = 1;
				GENERATE_INFOPLIST_FILE = YES;
				INFOPLIST_FILE = ContactsManager/Info.plist;
				INFOPLIST_KEY_LSApplicationCategoryType = "public.app-category.utilities";
				INFOPLIST_KEY_UIApplicationSupportsIndirectInputEvents = YES;
				INFOPLIST_KEY_UILaunchStoryboardName = LaunchScreen;
				INFOPLIST_KEY_UIMainStoryboardFile = Main;
				INFOPLIST_KEY_UISupportedInterfaceOrientations_iPad = "UIInterfaceOrientationPortrait UIInterfaceOrientationPortraitUpsideDown UIInterfaceOrientationLandscapeLeft UIInterfaceOrientationLandscapeRight";
				INFOPLIST_KEY_UISupportedInterfaceOrientations_iPhone = "UIInterfaceOrientationPortrait UIInterfaceOrientationLandscapeLeft UIInterfaceOrientationLandscapeRight";
				IPHONEOS_DEPLOYMENT_TARGET = 17.4;
				LD_RUNPATH_SEARCH_PATHS = (
					"$(inherited)",
					"@executable_path/Frameworks",
				);
				MARKETING_VERSION = 1.0;
				PRODUCT_BUNDLE_IDENTIFIER = com.iosapps.contactsmanager;
				PRODUCT_NAME = "$(TARGET_NAME)";
				SWIFT_EMIT_LOC_STRINGS = YES;
				SWIFT_VERSION = 5.0;
				TARGETED_DEVICE_FAMILY = "1,2";
			};
			name = Debug;
		};
		FABABBA12BE1101700F693EA /* Release */ = {
			isa = XCBuildConfiguration;
			buildSettings = {
				ASSETCATALOG_COMPILER_APPICON_NAME = AppIcon;
				ASSETCATALOG_COMPILER_GLOBAL_ACCENT_COLOR_NAME = AccentColor;
				CODE_SIGN_STYLE = Automatic;
				CURRENT_PROJECT_VERSION = 1;
				GENERATE_INFOPLIST_FILE = YES;
				INFOPLIST_FILE = ContactsManager/Info.plist;
				INFOPLIST_KEY_LSApplicationCategoryType = "public.app-category.utilities";
				INFOPLIST_KEY_UIApplicationSupportsIndirectInputEvents = YES;
				INFOPLIST_KEY_UILaunchStoryboardName = LaunchScreen;
				INFOPLIST_KEY_UIMainStoryboardFile = Main;
				INFOPLIST_KEY_UISupportedInterfaceOrientations_iPad = "UIInterfaceOrientationPortrait UIInterfaceOrientationPortraitUpsideDown UIInterfaceOrientationLandscapeLeft UIInterfaceOrientationLandscapeRight";
				INFOPLIST_KEY_UISupportedInterfaceOrientations_iPhone = "UIInterfaceOrientationPortrait UIInterfaceOrientationLandscapeLeft UIInterfaceOrientationLandscapeRight";
				IPHONEOS_DEPLOYMENT_TARGET = 17.4;
				LD_RUNPATH_SEARCH_PATHS = (
					"$(inherited)",
					"@executable_path/Frameworks",
				);
				MARKETING_VERSION = 1.0;
				PRODUCT_BUNDLE_IDENTIFIER = com.iosapps.contactsmanager;
				PRODUCT_NAME = "$(TARGET_NAME)";
				SWIFT_EMIT_LOC_STRINGS = YES;
				SWIFT_VERSION = 5.0;
				TARGETED_DEVICE_FAMILY = "1,2";
			};
			name = Release;
		};
/* End XCBuildConfiguration section */

/* Begin XCConfigurationList section */
		FABABB862BE1101600F693EA /* Build configuration list for PBXProject "ContactsManager" */ = {
			isa = XCConfigurationList;
			buildConfigurations = (
				FABABB9D2BE1101700F693EA /* Debug */,
				FABABB9E2BE1101700F693EA /* Release */,
			);
			defaultConfigurationIsVisible = 0;
			defaultConfigurationName = Release;
		};
		FABABB9F2BE1101700F693EA /* Build configuration list for PBXNativeTarget "ContactsManager" */ = {
			isa = XCConfigurationList;
			buildConfigurations = (
				FABABBA02BE1101700F693EA /* Debug */,
				FABABBA12BE1101700F693EA /* Release */,
			);
			defaultConfigurationIsVisible = 0;
			defaultConfigurationName = Release;
		};
/* End XCConfigurationList section */

/* Begin XCRemoteSwiftPackageReference section */
		FABF9FAF2BE3925C001920DA /* XCRemoteSwiftPackageReference "firebase-ios-sdk" */ = {
			isa = XCRemoteSwiftPackageReference;
			repositoryURL = "https://github.com/firebase/firebase-ios-sdk";
			requirement = {
				kind = upToNextMajorVersion;
				minimumVersion = 10.25.0;
			};
		};
/* End XCRemoteSwiftPackageReference section */

/* Begin XCSwiftPackageProductDependency section */
		FA35EE9F2BEA14460031B74F /* FirebaseAuth */ = {
			isa = XCSwiftPackageProductDependency;
			package = FABF9FAF2BE3925C001920DA /* XCRemoteSwiftPackageReference "firebase-ios-sdk" */;
			productName = FirebaseAuth;
		};
		FA35EEAE2BEF4B630031B74F /* FirebaseFirestore */ = {
			isa = XCSwiftPackageProductDependency;
			package = FABF9FAF2BE3925C001920DA /* XCRemoteSwiftPackageReference "firebase-ios-sdk" */;
			productName = FirebaseFirestore;
		};
		FA35EEB02BEF51630031B74F /* FirebaseFirestoreSwift */ = {
			isa = XCSwiftPackageProductDependency;
			package = FABF9FAF2BE3925C001920DA /* XCRemoteSwiftPackageReference "firebase-ios-sdk" */;
			productName = FirebaseFirestoreSwift;
		};
/* End XCSwiftPackageProductDependency section */
	};
	rootObject = FABABB832BE1101600F693EA /* Project object */;
}
